
Microsoft Visual Studio Solution File, Format Version 12.00
# Visual Studio Version 16
VisualStudioVersion = 16.0.32602.291
MinimumVisualStudioVersion = 10.0.40219.1
Project("{FAE04EC0-301F-11D3-BF4B-00C04F79EFBC}") = "MNhat_DotNetCore", "MNhat_DotNetCore\MNhat_DotNetCore.csproj", "{2C3489D0-ABF7-4E9D-AA44-5F025D077028}"
EndProject
Global
	GlobalSection(SolutionConfigurationPlatforms) = preSolution
		Debug|Any CPU = Debug|Any CPU
		Release|Any CPU = Release|Any CPU
	EndGlobalSection
	GlobalSection(ProjectConfigurationPlatforms) = postSolution
		{2C3489D0-ABF7-4E9D-AA44-5F025D077028}.Debug|Any CPU.ActiveCfg = Debug|Any CPU
		{2C3489D0-ABF7-4E9D-AA44-5F025D077028}.Debug|Any CPU.Build.0 = Debug|Any CPU
		{2C3489D0-ABF7-4E9D-AA44-5F025D077028}.Release|Any CPU.ActiveCfg = Release|Any CPU
		{2C3489D0-ABF7-4E9D-AA44-5F025D077028}.Release|Any CPU.Build.0 = Release|Any CPU
	EndGlobalSection
	GlobalSection(SolutionProperties) = preSolution
		HideSolutionNode = FALSE
	EndGlobalSection
	GlobalSection(ExtensibilityGlobals) = postSolution
		SolutionGuid = {A324CAA0-4DD1-4445-BB88-63BA1E8460A8}
	EndGlobalSection
EndGlobal
